
Microsoft Visual Studio Solution File, Format Version 12.00
# Visual Studio Version 17
VisualStudioVersion = 17.7.34202.233
MinimumVisualStudioVersion = 10.0.40219.1
Project("{FAE04EC0-301F-11D3-BF4B-00C04F79EFBC}") = "XOX_C#", "XOX_C#\XOX_C#.csproj", "{19E5F91E-2B26-48E6-AAF5-6480EE2B616B}"
EndProject
Global
	GlobalSection(SolutionConfigurationPlatforms) = preSolution
		Debug|Any CPU = Debug|Any CPU
		Release|Any CPU = Release|Any CPU
	EndGlobalSection
	GlobalSection(ProjectConfigurationPlatforms) = postSolution
		{19E5F91E-2B26-48E6-AAF5-6480EE2B616B}.Debug|Any CPU.ActiveCfg = Debug|Any CPU
		{19E5F91E-2B26-48E6-AAF5-6480EE2B616B}.Debug|Any CPU.Build.0 = Debug|Any CPU
		{19E5F91E-2B26-48E6-AAF5-6480EE2B616B}.Release|Any CPU.ActiveCfg = Release|Any CPU
		{19E5F91E-2B26-48E6-AAF5-6480EE2B616B}.Release|Any CPU.Build.0 = Release|Any CPU
	EndGlobalSection
	GlobalSection(SolutionProperties) = preSolution
		HideSolutionNode = FALSE
	EndGlobalSection
	GlobalSection(ExtensibilityGlobals) = postSolution
		SolutionGuid = {8DEA14FC-6FD0-423D-BCD5-5A448E962D18}
	EndGlobalSection
EndGlobal
